PODS:
  - PytorchExp (0.0.1):
    - PytorchExp/Core (= 0.0.1)
  - PytorchExp/Core (0.0.1):
    - PytorchExp/Libtorch
  - PytorchExp/Libtorch (0.0.1)
  - PytorchExpObjC (0.0.1):
    - PytorchExp
  - PytorchExpObjC/Tests (0.0.1):
    - PytorchExp

DEPENDENCIES:
  - PytorchExpObjC (from `https://github.com/xta0/PytorchExpObjC.git`, branch `master`)
  - PytorchExpObjC/Tests (from `https://github.com/xta0/PytorchExpObjC.git`, branch `master`)

SPEC REPOS:
  https://github.com/cocoapods/specs.git:
    - PytorchExp

EXTERNAL SOURCES:
  PytorchExpObjC:
    :branch: master
    :git: https://github.com/xta0/PytorchExpObjC.git

CHECKOUT OPTIONS:
  PytorchExpObjC:
    :commit: eec5c2e4c8d87cce9ffe0286d3ecfd14897578b4
    :git: https://github.com/xta0/PytorchExpObjC.git

SPEC CHECKSUMS:
  PytorchExp: f700aadfe498196941ace700821c4f7d02fcea67
  PytorchExpObjC: 9d6a6e0cc9bfba0b1758cdd3dbef5989265c80d8

PODFILE CHECKSUM: 64798443ee055ea93c293f5f8162b96399a0bade

COCOAPODS: 1.7.1
