PODS:
  - PytorchExp (0.0.1):
    - PytorchExp/Core (= 0.0.1)
  - PytorchExp/Core (0.0.1):
    - PytorchExp/Libtorch
  - PytorchExp/Libtorch (0.0.1)
  - PytorchExpObjC (0.0.1):
    - PytorchExp

DEPENDENCIES:
  - PytorchExpObjC (from `https://github.com/xta0/PytorchExpObjC.git`, branch `master`)

SPEC REPOS:
  https://github.com/cocoapods/specs.git:
    - PytorchExp

EXTERNAL SOURCES:
  PytorchExpObjC:
    :branch: master
    :git: https://github.com/xta0/PytorchExpObjC.git

CHECKOUT OPTIONS:
  PytorchExpObjC:
    :commit: d00b39276ee67e975c4a68e88f73f9e3048a843d
    :git: https://github.com/xta0/PytorchExpObjC.git

SPEC CHECKSUMS:
  PytorchExp: f700aadfe498196941ace700821c4f7d02fcea67
  PytorchExpObjC: 38e3f749a4471d602f59f55e8b11df6b3b48fa03

PODFILE CHECKSUM: 134e6b909903b4b1a1fe0a6ac9f625147b45f5b5

COCOAPODS: 1.7.1
